
Microsoft Visual Studio Solution File, Format Version 12.00
# Visual Studio Version 17
VisualStudioVersion = 17.14.36127.28 d17.14
MinimumVisualStudioVersion = 10.0.40219.1
Project("{FAE04EC0-301F-11D3-BF4B-00C04F79EFBC}") = "BookStore.API", "BookStore.API\BookStore.API.csproj", "{33760681-0471-49C2-9830-979AE9B697A4}"
EndProject
Project("{FAE04EC0-301F-11D3-BF4B-00C04F79EFBC}") = "BookStore.Core", "BookStore.Core\BookStore.Core.csproj", "{37031E2E-8DD3-4856-B3A6-4D067DB102FF}"
EndProject
Project("{FAE04EC0-301F-11D3-BF4B-00C04F79EFBC}") = "BookStore.DataAccess", "BookStore.DataAccess\BookStore.DataAccess.csproj", "{B7505E52-0449-42D3-B463-FF13AA420392}"
EndProject
Global
	GlobalSection(SolutionConfigurationPlatforms) = preSolution
		Debug|Any CPU = Debug|Any CPU
		Release|Any CPU = Release|Any CPU
	EndGlobalSection
	GlobalSection(ProjectConfigurationPlatforms) = postSolution
		{33760681-0471-49C2-9830-979AE9B697A4}.Debug|Any CPU.ActiveCfg = Debug|Any CPU
		{33760681-0471-49C2-9830-979AE9B697A4}.Debug|Any CPU.Build.0 = Debug|Any CPU
		{33760681-0471-49C2-9830-979AE9B697A4}.Release|Any CPU.ActiveCfg = Release|Any CPU
		{33760681-0471-49C2-9830-979AE9B697A4}.Release|Any CPU.Build.0 = Release|Any CPU
		{37031E2E-8DD3-4856-B3A6-4D067DB102FF}.Debug|Any CPU.ActiveCfg = Debug|Any CPU
		{37031E2E-8DD3-4856-B3A6-4D067DB102FF}.Debug|Any CPU.Build.0 = Debug|Any CPU
		{37031E2E-8DD3-4856-B3A6-4D067DB102FF}.Release|Any CPU.ActiveCfg = Release|Any CPU
		{37031E2E-8DD3-4856-B3A6-4D067DB102FF}.Release|Any CPU.Build.0 = Release|Any CPU
		{B7505E52-0449-42D3-B463-FF13AA420392}.Debug|Any CPU.ActiveCfg = Debug|Any CPU
		{B7505E52-0449-42D3-B463-FF13AA420392}.Debug|Any CPU.Build.0 = Debug|Any CPU
		{B7505E52-0449-42D3-B463-FF13AA420392}.Release|Any CPU.ActiveCfg = Release|Any CPU
		{B7505E52-0449-42D3-B463-FF13AA420392}.Release|Any CPU.Build.0 = Release|Any CPU
	EndGlobalSection
	GlobalSection(SolutionProperties) = preSolution
		HideSolutionNode = FALSE
	EndGlobalSection
	GlobalSection(ExtensibilityGlobals) = postSolution
		SolutionGuid = {02197216-F8C0-4545-94EA-13656FE00ACF}
	EndGlobalSection
EndGlobal
